
Microsoft Visual Studio Solution File, Format Version 12.00
# Visual Studio Version 17
VisualStudioVersion = 17.2.32616.157
MinimumVisualStudioVersion = 10.0.40219.1
Project("{FAE04EC0-301F-11D3-BF4B-00C04F79EFBC}") = "QuizMe", "QuizMe.csproj", "{D93CB271-2687-447F-8C0E-F3410B1B76A6}"
EndProject
Global
	GlobalSection(SolutionConfigurationPlatforms) = preSolution
		Debug|Any CPU = Debug|Any CPU
		Release|Any CPU = Release|Any CPU
	EndGlobalSection
	GlobalSection(ProjectConfigurationPlatforms) = postSolution
		{D93CB271-2687-447F-8C0E-F3410B1B76A6}.Debug|Any CPU.ActiveCfg = Debug|Any CPU
		{D93CB271-2687-447F-8C0E-F3410B1B76A6}.Debug|Any CPU.Build.0 = Debug|Any CPU
		{D93CB271-2687-447F-8C0E-F3410B1B76A6}.Release|Any CPU.ActiveCfg = Release|Any CPU
		{D93CB271-2687-447F-8C0E-F3410B1B76A6}.Release|Any CPU.Build.0 = Release|Any CPU
	EndGlobalSection
	GlobalSection(SolutionProperties) = preSolution
		HideSolutionNode = FALSE
	EndGlobalSection
	GlobalSection(ExtensibilityGlobals) = postSolution
		SolutionGuid = {5D00D1CA-72BB-46AB-B1E0-BFA2D1E370EF}
	EndGlobalSection
EndGlobal
